{
  "name": "2d-canvas-planet-gen",
  "version": "1.0.0",
  "lockfileVersion": 2,
  "requires": true,
  "packages": {
    "": {
      "name": "2d-canvas-planet-gen",
      "version": "1.0.0",
      "license": "ISC",
      "dependencies": {
        "open-simplex-noise": "^2.5.0"
      }
    },
    "node_modules/open-simplex-noise": {
      "version": "2.5.0",
      "resolved": "https://registry.npmjs.org/open-simplex-noise/-/open-simplex-noise-2.5.0.tgz",
      "integrity": "sha512-co7x8uWxGcgFtsJNBFqI9ylq+5Isotz2hZR7dsD5Sl+RDPGBeMEG41KAfF+5gF10ksi9Pg6DNpMHEoyTKLbejQ=="
    }
  },
  "dependencies": {
    "open-simplex-noise": {
      "version": "2.5.0",
      "resolved": "https://registry.npmjs.org/open-simplex-noise/-/open-simplex-noise-2.5.0.tgz",
      "integrity": "sha512-co7x8uWxGcgFtsJNBFqI9ylq+5Isotz2hZR7dsD5Sl+RDPGBeMEG41KAfF+5gF10ksi9Pg6DNpMHEoyTKLbejQ=="
    }
  }
}
